// !$*UTF8*$!
{
	archiveVersion = 1;
	classes = {
	};
	objectVersion = 56;
	objects = {

/* Begin PBXBuildFile section */
		4B4DDBA62B4A51C300E4B191 /* NetworkProvider.swift in Sources */ = {isa = PBXBuildFile; fileRef = 4B4DDBA52B4A51C300E4B191 /* NetworkProvider.swift */; };
		4B4DDBAB2B4A588900E4B191 /* UFGEndpoint.swift in Sources */ = {isa = PBXBuildFile; fileRef = 4B4DDBAA2B4A588900E4B191 /* UFGEndpoint.swift */; };
		4B4DDBAE2B4A5C8500E4B191 /* MoodleEndpoint.swift in Sources */ = {isa = PBXBuildFile; fileRef = 4B4DDBAD2B4A5C8500E4B191 /* MoodleEndpoint.swift */; };
		4B4DDBB12B4A61D200E4B191 /* URL.swift in Sources */ = {isa = PBXBuildFile; fileRef = 4B4DDBB02B4A61D200E4B191 /* URL.swift */; };
		4B4DDBB42B4A635F00E4B191 /* SignInService.swift in Sources */ = {isa = PBXBuildFile; fileRef = 4B4DDBB32B4A635F00E4B191 /* SignInService.swift */; };
		4B4DDBB72B4A63BC00E4B191 /* UFGSessionInfo.swift in Sources */ = {isa = PBXBuildFile; fileRef = 4B4DDBB62B4A63BC00E4B191 /* UFGSessionInfo.swift */; };
		4B4DDBBB2B4A651800E4B191 /* SignInPayload.swift in Sources */ = {isa = PBXBuildFile; fileRef = 4B4DDBBA2B4A651800E4B191 /* SignInPayload.swift */; };
		4B4DDBBD2B4A656000E4B191 /* MoodleSingIn.swift in Sources */ = {isa = PBXBuildFile; fileRef = 4B4DDBBC2B4A656000E4B191 /* MoodleSingIn.swift */; };
		4B4DDBBF2B4A65B800E4B191 /* Student.swift in Sources */ = {isa = PBXBuildFile; fileRef = 4B4DDBBE2B4A65B800E4B191 /* Student.swift */; };
		4B4DDBC12B4A697A00E4B191 /* UFGStudentInfo.swift in Sources */ = {isa = PBXBuildFile; fileRef = 4B4DDBC02B4A697A00E4B191 /* UFGStudentInfo.swift */; };
		4B4DDBC32B4A72A400E4B191 /* SignInViewModel.swift in Sources */ = {isa = PBXBuildFile; fileRef = 4B4DDBC22B4A72A400E4B191 /* SignInViewModel.swift */; };
		4B4DDBC52B4A750B00E4B191 /* UserDefaults.swift in Sources */ = {isa = PBXBuildFile; fileRef = 4B4DDBC42B4A750B00E4B191 /* UserDefaults.swift */; };
		4B4DDBC72B4A75CA00E4B191 /* SignInView.swift in Sources */ = {isa = PBXBuildFile; fileRef = 4B4DDBC62B4A75CA00E4B191 /* SignInView.swift */; };
		4B4DDBCA2B4A786100E4B191 /* TextFieldRepresentable.swift in Sources */ = {isa = PBXBuildFile; fileRef = 4B4DDBC92B4A786100E4B191 /* TextFieldRepresentable.swift */; };
		4B4DDBCC2B4A7E8E00E4B191 /* LoadingView.swift in Sources */ = {isa = PBXBuildFile; fileRef = 4B4DDBCB2B4A7E8E00E4B191 /* LoadingView.swift */; };
		4B857CF32B4B0FF900E2D916 /* Assests.swift in Sources */ = {isa = PBXBuildFile; fileRef = 4B857CF22B4B0FF900E2D916 /* Assests.swift */; };
		4B857CF52B4B151000E2D916 /* HostingController.swift in Sources */ = {isa = PBXBuildFile; fileRef = 4B857CF42B4B151000E2D916 /* HostingController.swift */; };
		4B857CF82B4B19D200E2D916 /* ErrorModalView.swift in Sources */ = {isa = PBXBuildFile; fileRef = 4B857CF72B4B19D200E2D916 /* ErrorModalView.swift */; };
		4B857CFC2B4B1E5E00E2D916 /* ErrorModalViewController.swift in Sources */ = {isa = PBXBuildFile; fileRef = 4B857CFB2B4B1E5E00E2D916 /* ErrorModalViewController.swift */; };
		4B857D012B4B220000E2D916 /* ViewController.swift in Sources */ = {isa = PBXBuildFile; fileRef = 4B857D002B4B220000E2D916 /* ViewController.swift */; };
		4BBB4EA42B2B59E700041786 /* AppDelegate.swift in Sources */ = {isa = PBXBuildFile; fileRef = 4BBB4EA32B2B59E700041786 /* AppDelegate.swift */; };
		4BBB4EA62B2B59E700041786 /* SceneDelegate.swift in Sources */ = {isa = PBXBuildFile; fileRef = 4BBB4EA52B2B59E700041786 /* SceneDelegate.swift */; };
		4BBB4EA82B2B59E700041786 /* SignInViewController.swift in Sources */ = {isa = PBXBuildFile; fileRef = 4BBB4EA72B2B59E700041786 /* SignInViewController.swift */; };
		4BBB4EAD2B2B59E900041786 /* Assets.xcassets in Resources */ = {isa = PBXBuildFile; fileRef = 4BBB4EAC2B2B59E900041786 /* Assets.xcassets */; };
		4BBB4EB02B2B59E900041786 /* LaunchScreen.storyboard in Resources */ = {isa = PBXBuildFile; fileRef = 4BBB4EAE2B2B59E900041786 /* LaunchScreen.storyboard */; };
		4BBB4EBB2B2B59E900041786 /* EduTaskerTests.swift in Sources */ = {isa = PBXBuildFile; fileRef = 4BBB4EBA2B2B59E900041786 /* EduTaskerTests.swift */; };
		4BBB4EC52B2B59E900041786 /* EduTaskerUITests.swift in Sources */ = {isa = PBXBuildFile; fileRef = 4BBB4EC42B2B59E900041786 /* EduTaskerUITests.swift */; };
		4BBB4EC72B2B59E900041786 /* EduTaskerUITestsLaunchTests.swift in Sources */ = {isa = PBXBuildFile; fileRef = 4BBB4EC62B2B59E900041786 /* EduTaskerUITestsLaunchTests.swift */; };
/* End PBXBuildFile section */

/* Begin PBXContainerItemProxy section */
		4BBB4EB72B2B59E900041786 /* PBXContainerItemProxy */ = {
			isa = PBXContainerItemProxy;
			containerPortal = 4BBB4E982B2B59E600041786 /* Project object */;
			proxyType = 1;
			remoteGlobalIDString = 4BBB4E9F2B2B59E600041786;
			remoteInfo = EduTasker;
		};
		4BBB4EC12B2B59E900041786 /* PBXContainerItemProxy */ = {
			isa = PBXContainerItemProxy;
			containerPortal = 4BBB4E982B2B59E600041786 /* Project object */;
			proxyType = 1;
			remoteGlobalIDString = 4BBB4E9F2B2B59E600041786;
			remoteInfo = EduTasker;
		};
/* End PBXContainerItemProxy section */

/* Begin PBXFileReference section */
		4B4DDBA52B4A51C300E4B191 /* NetworkProvider.swift */ = {isa = PBXFileReference; lastKnownFileType = sourcecode.swift; path = NetworkProvider.swift; sourceTree = "<group>"; };
		4B4DDBAA2B4A588900E4B191 /* UFGEndpoint.swift */ = {isa = PBXFileReference; lastKnownFileType = sourcecode.swift; path = UFGEndpoint.swift; sourceTree = "<group>"; };
		4B4DDBAD2B4A5C8500E4B191 /* MoodleEndpoint.swift */ = {isa = PBXFileReference; lastKnownFileType = sourcecode.swift; path = MoodleEndpoint.swift; sourceTree = "<group>"; };
		4B4DDBB02B4A61D200E4B191 /* URL.swift */ = {isa = PBXFileReference; lastKnownFileType = sourcecode.swift; path = URL.swift; sourceTree = "<group>"; };
		4B4DDBB32B4A635F00E4B191 /* SignInService.swift */ = {isa = PBXFileReference; lastKnownFileType = sourcecode.swift; path = SignInService.swift; sourceTree = "<group>"; };
		4B4DDBB62B4A63BC00E4B191 /* UFGSessionInfo.swift */ = {isa = PBXFileReference; lastKnownFileType = sourcecode.swift; path = UFGSessionInfo.swift; sourceTree = "<group>"; };
		4B4DDBBA2B4A651800E4B191 /* SignInPayload.swift */ = {isa = PBXFileReference; lastKnownFileType = sourcecode.swift; path = SignInPayload.swift; sourceTree = "<group>"; };
		4B4DDBBC2B4A656000E4B191 /* MoodleSingIn.swift */ = {isa = PBXFileReference; lastKnownFileType = sourcecode.swift; path = MoodleSingIn.swift; sourceTree = "<group>"; };
		4B4DDBBE2B4A65B800E4B191 /* Student.swift */ = {isa = PBXFileReference; lastKnownFileType = sourcecode.swift; path = Student.swift; sourceTree = "<group>"; };
		4B4DDBC02B4A697A00E4B191 /* UFGStudentInfo.swift */ = {isa = PBXFileReference; lastKnownFileType = sourcecode.swift; path = UFGStudentInfo.swift; sourceTree = "<group>"; };
		4B4DDBC22B4A72A400E4B191 /* SignInViewModel.swift */ = {isa = PBXFileReference; lastKnownFileType = sourcecode.swift; path = SignInViewModel.swift; sourceTree = "<group>"; };
		4B4DDBC42B4A750B00E4B191 /* UserDefaults.swift */ = {isa = PBXFileReference; lastKnownFileType = sourcecode.swift; path = UserDefaults.swift; sourceTree = "<group>"; };
		4B4DDBC62B4A75CA00E4B191 /* SignInView.swift */ = {isa = PBXFileReference; lastKnownFileType = sourcecode.swift; path = SignInView.swift; sourceTree = "<group>"; };
		4B4DDBC92B4A786100E4B191 /* TextFieldRepresentable.swift */ = {isa = PBXFileReference; lastKnownFileType = sourcecode.swift; path = TextFieldRepresentable.swift; sourceTree = "<group>"; };
		4B4DDBCB2B4A7E8E00E4B191 /* LoadingView.swift */ = {isa = PBXFileReference; lastKnownFileType = sourcecode.swift; path = LoadingView.swift; sourceTree = "<group>"; };
		4B857CF22B4B0FF900E2D916 /* Assests.swift */ = {isa = PBXFileReference; lastKnownFileType = sourcecode.swift; path = Assests.swift; sourceTree = "<group>"; };
		4B857CF42B4B151000E2D916 /* HostingController.swift */ = {isa = PBXFileReference; lastKnownFileType = sourcecode.swift; path = HostingController.swift; sourceTree = "<group>"; };
		4B857CF72B4B19D200E2D916 /* ErrorModalView.swift */ = {isa = PBXFileReference; lastKnownFileType = sourcecode.swift; path = ErrorModalView.swift; sourceTree = "<group>"; };
		4B857CFB2B4B1E5E00E2D916 /* ErrorModalViewController.swift */ = {isa = PBXFileReference; lastKnownFileType = sourcecode.swift; path = ErrorModalViewController.swift; sourceTree = "<group>"; };
		4B857D002B4B220000E2D916 /* ViewController.swift */ = {isa = PBXFileReference; lastKnownFileType = sourcecode.swift; path = ViewController.swift; sourceTree = "<group>"; };
		4BBB4EA02B2B59E700041786 /* EduTasker.app */ = {isa = PBXFileReference; explicitFileType = wrapper.application; includeInIndex = 0; path = EduTasker.app; sourceTree = BUILT_PRODUCTS_DIR; };
		4BBB4EA32B2B59E700041786 /* AppDelegate.swift */ = {isa = PBXFileReference; lastKnownFileType = sourcecode.swift; path = AppDelegate.swift; sourceTree = "<group>"; };
		4BBB4EA52B2B59E700041786 /* SceneDelegate.swift */ = {isa = PBXFileReference; lastKnownFileType = sourcecode.swift; path = SceneDelegate.swift; sourceTree = "<group>"; };
		4BBB4EA72B2B59E700041786 /* SignInViewController.swift */ = {isa = PBXFileReference; lastKnownFileType = sourcecode.swift; path = SignInViewController.swift; sourceTree = "<group>"; };
		4BBB4EAC2B2B59E900041786 /* Assets.xcassets */ = {isa = PBXFileReference; lastKnownFileType = folder.assetcatalog; path = Assets.xcassets; sourceTree = "<group>"; };
		4BBB4EAF2B2B59E900041786 /* Base */ = {isa = PBXFileReference; lastKnownFileType = file.storyboard; name = Base; path = Base.lproj/LaunchScreen.storyboard; sourceTree = "<group>"; };
		4BBB4EB12B2B59E900041786 /* Info.plist */ = {isa = PBXFileReference; lastKnownFileType = text.plist.xml; path = Info.plist; sourceTree = "<group>"; };
		4BBB4EB62B2B59E900041786 /* EduTaskerTests.xctest */ = {isa = PBXFileReference; explicitFileType = wrapper.cfbundle; includeInIndex = 0; path = EduTaskerTests.xctest; sourceTree = BUILT_PRODUCTS_DIR; };
		4BBB4EBA2B2B59E900041786 /* EduTaskerTests.swift */ = {isa = PBXFileReference; lastKnownFileType = sourcecode.swift; path = EduTaskerTests.swift; sourceTree = "<group>"; };
		4BBB4EC02B2B59E900041786 /* EduTaskerUITests.xctest */ = {isa = PBXFileReference; explicitFileType = wrapper.cfbundle; includeInIndex = 0; path = EduTaskerUITests.xctest; sourceTree = BUILT_PRODUCTS_DIR; };
		4BBB4EC42B2B59E900041786 /* EduTaskerUITests.swift */ = {isa = PBXFileReference; lastKnownFileType = sourcecode.swift; path = EduTaskerUITests.swift; sourceTree = "<group>"; };
		4BBB4EC62B2B59E900041786 /* EduTaskerUITestsLaunchTests.swift */ = {isa = PBXFileReference; lastKnownFileType = sourcecode.swift; path = EduTaskerUITestsLaunchTests.swift; sourceTree = "<group>"; };
/* End PBXFileReference section */

/* Begin PBXFrameworksBuildPhase section */
		4BBB4E9D2B2B59E600041786 /* Frameworks */ = {
			isa = PBXFrameworksBuildPhase;
			buildActionMask = 2147483647;
			files = (
			);
			runOnlyForDeploymentPostprocessing = 0;
		};
		4BBB4EB32B2B59E900041786 /* Frameworks */ = {
			isa = PBXFrameworksBuildPhase;
			buildActionMask = 2147483647;
			files = (
			);
			runOnlyForDeploymentPostprocessing = 0;
		};
		4BBB4EBD2B2B59E900041786 /* Frameworks */ = {
			isa = PBXFrameworksBuildPhase;
			buildActionMask = 2147483647;
			files = (
			);
			runOnlyForDeploymentPostprocessing = 0;
		};
/* End PBXFrameworksBuildPhase section */

/* Begin PBXGroup section */
		4B4DDBA42B4A519C00E4B191 /* Network  */ = {
			isa = PBXGroup;
			children = (
				4B4DDBAC2B4A5C6D00E4B191 /* API */,
				4B4DDBA52B4A51C300E4B191 /* NetworkProvider.swift */,
			);
			path = "Network ";
			sourceTree = "<group>";
		};
		4B4DDBA72B4A57CF00E4B191 /* Controllers */ = {
			isa = PBXGroup;
			children = (
				4BBB4EA72B2B59E700041786 /* SignInViewController.swift */,
			);
			path = Controllers;
			sourceTree = "<group>";
		};
		4B4DDBA82B4A57D600E4B191 /* Views */ = {
			isa = PBXGroup;
			children = (
				4B4DDBC82B4A772D00E4B191 /* Auxiliary */,
				4B4DDBC62B4A75CA00E4B191 /* SignInView.swift */,
			);
			path = Views;
			sourceTree = "<group>";
		};
		4B4DDBA92B4A57DD00E4B191 /* ViewModel */ = {
			isa = PBXGroup;
			children = (
				4B4DDBC22B4A72A400E4B191 /* SignInViewModel.swift */,
			);
			path = ViewModel;
			sourceTree = "<group>";
		};
		4B4DDBAC2B4A5C6D00E4B191 /* API */ = {
			isa = PBXGroup;
			children = (
				4B4DDBAA2B4A588900E4B191 /* UFGEndpoint.swift */,
				4B4DDBAD2B4A5C8500E4B191 /* MoodleEndpoint.swift */,
			);
			path = API;
			sourceTree = "<group>";
		};
		4B4DDBAF2B4A61C200E4B191 /* Extension */ = {
			isa = PBXGroup;
			children = (
				4B4DDBB02B4A61D200E4B191 /* URL.swift */,
				4B4DDBC42B4A750B00E4B191 /* UserDefaults.swift */,
				4B857CF42B4B151000E2D916 /* HostingController.swift */,
				4B857D002B4B220000E2D916 /* ViewController.swift */,
			);
			path = Extension;
			sourceTree = "<group>";
		};
		4B4DDBB22B4A632F00E4B191 /* Service */ = {
			isa = PBXGroup;
			children = (
				4B4DDBB32B4A635F00E4B191 /* SignInService.swift */,
			);
			path = Service;
			sourceTree = "<group>";
		};
		4B4DDBB52B4A638E00E4B191 /* Model */ = {
			isa = PBXGroup;
			children = (
				4B4DDBBE2B4A65B800E4B191 /* Student.swift */,
				4B4DDBBA2B4A651800E4B191 /* SignInPayload.swift */,
				4B4DDBB92B4A63C800E4B191 /* Moodle */,
				4B4DDBB82B4A63C000E4B191 /* UFG */,
			);
			path = Model;
			sourceTree = "<group>";
		};
		4B4DDBB82B4A63C000E4B191 /* UFG */ = {
			isa = PBXGroup;
			children = (
				4B4DDBB62B4A63BC00E4B191 /* UFGSessionInfo.swift */,
				4B4DDBC02B4A697A00E4B191 /* UFGStudentInfo.swift */,
			);
			path = UFG;
			sourceTree = "<group>";
		};
		4B4DDBB92B4A63C800E4B191 /* Moodle */ = {
			isa = PBXGroup;
			children = (
				4B4DDBBC2B4A656000E4B191 /* MoodleSingIn.swift */,
			);
			path = Moodle;
			sourceTree = "<group>";
		};
		4B4DDBC82B4A772D00E4B191 /* Auxiliary */ = {
			isa = PBXGroup;
			children = (
				4B857CF62B4B19A300E2D916 /* Modal */,
				4B4DDBC92B4A786100E4B191 /* TextFieldRepresentable.swift */,
				4B4DDBCB2B4A7E8E00E4B191 /* LoadingView.swift */,
			);
			path = Auxiliary;
			sourceTree = "<group>";
		};
		4B857CF12B4B0FE300E2D916 /* Shared */ = {
			isa = PBXGroup;
			children = (
			);
			path = Shared;
			sourceTree = "<group>";
		};
		4B857CF62B4B19A300E2D916 /* Modal */ = {
			isa = PBXGroup;
			children = (
				4B857CFA2B4B1E4800E2D916 /* ViewController */,
				4B857CF92B4B1E1100E2D916 /* View */,
			);
			path = Modal;
			sourceTree = "<group>";
		};
		4B857CF92B4B1E1100E2D916 /* View */ = {
			isa = PBXGroup;
			children = (
				4B857CF72B4B19D200E2D916 /* ErrorModalView.swift */,
			);
			path = View;
			sourceTree = "<group>";
		};
		4B857CFA2B4B1E4800E2D916 /* ViewController */ = {
			isa = PBXGroup;
			children = (
				4B857CFB2B4B1E5E00E2D916 /* ErrorModalViewController.swift */,
			);
			path = ViewController;
			sourceTree = "<group>";
		};
		4BBB4E972B2B59E600041786 = {
			isa = PBXGroup;
			children = (
				4BBB4EA22B2B59E700041786 /* EduTasker */,
				4BBB4EB92B2B59E900041786 /* EduTaskerTests */,
				4BBB4EC32B2B59E900041786 /* EduTaskerUITests */,
				4BBB4EA12B2B59E700041786 /* Products */,
			);
			sourceTree = "<group>";
		};
		4BBB4EA12B2B59E700041786 /* Products */ = {
			isa = PBXGroup;
			children = (
				4BBB4EA02B2B59E700041786 /* EduTasker.app */,
				4BBB4EB62B2B59E900041786 /* EduTaskerTests.xctest */,
				4BBB4EC02B2B59E900041786 /* EduTaskerUITests.xctest */,
			);
			name = Products;
			sourceTree = "<group>";
		};
		4BBB4EA22B2B59E700041786 /* EduTasker */ = {
			isa = PBXGroup;
			children = (
				4B857CF22B4B0FF900E2D916 /* Assests.swift */,
				4B4DDBAF2B4A61C200E4B191 /* Extension */,
				4B857CF12B4B0FE300E2D916 /* Shared */,
				4B4DDBB52B4A638E00E4B191 /* Model */,
				4B4DDBB22B4A632F00E4B191 /* Service */,
				4B4DDBA92B4A57DD00E4B191 /* ViewModel */,
				4B4DDBA82B4A57D600E4B191 /* Views */,
				4B4DDBA72B4A57CF00E4B191 /* Controllers */,
				4B4DDBA42B4A519C00E4B191 /* Network  */,
				4BBB4EA32B2B59E700041786 /* AppDelegate.swift */,
				4BBB4EA52B2B59E700041786 /* SceneDelegate.swift */,
				4BBB4EAC2B2B59E900041786 /* Assets.xcassets */,
				4BBB4EAE2B2B59E900041786 /* LaunchScreen.storyboard */,
				4BBB4EB12B2B59E900041786 /* Info.plist */,
			);
			path = EduTasker;
			sourceTree = "<group>";
		};
		4BBB4EB92B2B59E900041786 /* EduTaskerTests */ = {
			isa = PBXGroup;
			children = (
				4BBB4EBA2B2B59E900041786 /* EduTaskerTests.swift */,
			);
			path = EduTaskerTests;
			sourceTree = "<group>";
		};
		4BBB4EC32B2B59E900041786 /* EduTaskerUITests */ = {
			isa = PBXGroup;
			children = (
				4BBB4EC42B2B59E900041786 /* EduTaskerUITests.swift */,
				4BBB4EC62B2B59E900041786 /* EduTaskerUITestsLaunchTests.swift */,
			);
			path = EduTaskerUITests;
			sourceTree = "<group>";
		};
/* End PBXGroup section */

/* Begin PBXNativeTarget section */
		4BBB4E9F2B2B59E600041786 /* EduTasker */ = {
			isa = PBXNativeTarget;
			buildConfigurationList = 4BBB4ECA2B2B59E900041786 /* Build configuration list for PBXNativeTarget "EduTasker" */;
			buildPhases = (
				4BBB4E9C2B2B59E600041786 /* Sources */,
				4BBB4E9D2B2B59E600041786 /* Frameworks */,
				4BBB4E9E2B2B59E600041786 /* Resources */,
			);
			buildRules = (
			);
			dependencies = (
			);
			name = EduTasker;
			productName = EduTasker;
			productReference = 4BBB4EA02B2B59E700041786 /* EduTasker.app */;
			productType = "com.apple.product-type.application";
		};
		4BBB4EB52B2B59E900041786 /* EduTaskerTests */ = {
			isa = PBXNativeTarget;
			buildConfigurationList = 4BBB4ECD2B2B59E900041786 /* Build configuration list for PBXNativeTarget "EduTaskerTests" */;
			buildPhases = (
				4BBB4EB22B2B59E900041786 /* Sources */,
				4BBB4EB32B2B59E900041786 /* Frameworks */,
				4BBB4EB42B2B59E900041786 /* Resources */,
			);
			buildRules = (
			);
			dependencies = (
				4BBB4EB82B2B59E900041786 /* PBXTargetDependency */,
			);
			name = EduTaskerTests;
			productName = EduTaskerTests;
			productReference = 4BBB4EB62B2B59E900041786 /* EduTaskerTests.xctest */;
			productType = "com.apple.product-type.bundle.unit-test";
		};
		4BBB4EBF2B2B59E900041786 /* EduTaskerUITests */ = {
			isa = PBXNativeTarget;
			buildConfigurationList = 4BBB4ED02B2B59E900041786 /* Build configuration list for PBXNativeTarget "EduTaskerUITests" */;
			buildPhases = (
				4BBB4EBC2B2B59E900041786 /* Sources */,
				4BBB4EBD2B2B59E900041786 /* Frameworks */,
				4BBB4EBE2B2B59E900041786 /* Resources */,
			);
			buildRules = (
			);
			dependencies = (
				4BBB4EC22B2B59E900041786 /* PBXTargetDependency */,
			);
			name = EduTaskerUITests;
			productName = EduTaskerUITests;
			productReference = 4BBB4EC02B2B59E900041786 /* EduTaskerUITests.xctest */;
			productType = "com.apple.product-type.bundle.ui-testing";
		};
/* End PBXNativeTarget section */

/* Begin PBXProject section */
		4BBB4E982B2B59E600041786 /* Project object */ = {
			isa = PBXProject;
			attributes = {
				BuildIndependentTargetsInParallel = 1;
				LastSwiftUpdateCheck = 1500;
				LastUpgradeCheck = 1500;
				TargetAttributes = {
					4BBB4E9F2B2B59E600041786 = {
						CreatedOnToolsVersion = 15.0.1;
					};
					4BBB4EB52B2B59E900041786 = {
						CreatedOnToolsVersion = 15.0.1;
						TestTargetID = 4BBB4E9F2B2B59E600041786;
					};
					4BBB4EBF2B2B59E900041786 = {
						CreatedOnToolsVersion = 15.0.1;
						TestTargetID = 4BBB4E9F2B2B59E600041786;
					};
				};
			};
			buildConfigurationList = 4BBB4E9B2B2B59E600041786 /* Build configuration list for PBXProject "EduTasker" */;
			compatibilityVersion = "Xcode 14.0";
			developmentRegion = en;
			hasScannedForEncodings = 0;
			knownRegions = (
				en,
				Base,
			);
			mainGroup = 4BBB4E972B2B59E600041786;
			productRefGroup = 4BBB4EA12B2B59E700041786 /* Products */;
			projectDirPath = "";
			projectRoot = "";
			targets = (
				4BBB4E9F2B2B59E600041786 /* EduTasker */,
				4BBB4EB52B2B59E900041786 /* EduTaskerTests */,
				4BBB4EBF2B2B59E900041786 /* EduTaskerUITests */,
			);
		};
/* End PBXProject section */

/* Begin PBXResourcesBuildPhase section */
		4BBB4E9E2B2B59E600041786 /* Resources */ = {
			isa = PBXResourcesBuildPhase;
			buildActionMask = 2147483647;
			files = (
				4BBB4EB02B2B59E900041786 /* LaunchScreen.storyboard in Resources */,
				4BBB4EAD2B2B59E900041786 /* Assets.xcassets in Resources */,
			);
			runOnlyForDeploymentPostprocessing = 0;
		};
		4BBB4EB42B2B59E900041786 /* Resources */ = {
			isa = PBXResourcesBuildPhase;
			buildActionMask = 2147483647;
			files = (
			);
			runOnlyForDeploymentPostprocessing = 0;
		};
		4BBB4EBE2B2B59E900041786 /* Resources */ = {
			isa = PBXResourcesBuildPhase;
			buildActionMask = 2147483647;
			files = (
			);
			runOnlyForDeploymentPostprocessing = 0;
		};
/* End PBXResourcesBuildPhase section */

/* Begin PBXSourcesBuildPhase section */
		4BBB4E9C2B2B59E600041786 /* Sources */ = {
			isa = PBXSourcesBuildPhase;
			buildActionMask = 2147483647;
			files = (
				4B4DDBAE2B4A5C8500E4B191 /* MoodleEndpoint.swift in Sources */,
				4BBB4EA82B2B59E700041786 /* SignInViewController.swift in Sources */,
				4B4DDBBD2B4A656000E4B191 /* MoodleSingIn.swift in Sources */,
				4B857CF32B4B0FF900E2D916 /* Assests.swift in Sources */,
				4B4DDBA62B4A51C300E4B191 /* NetworkProvider.swift in Sources */,
				4B857CFC2B4B1E5E00E2D916 /* ErrorModalViewController.swift in Sources */,
				4B4DDBB72B4A63BC00E4B191 /* UFGSessionInfo.swift in Sources */,
				4B857D012B4B220000E2D916 /* ViewController.swift in Sources */,
				4B4DDBB12B4A61D200E4B191 /* URL.swift in Sources */,
				4BBB4EA42B2B59E700041786 /* AppDelegate.swift in Sources */,
				4BBB4EA62B2B59E700041786 /* SceneDelegate.swift in Sources */,
				4B4DDBC32B4A72A400E4B191 /* SignInViewModel.swift in Sources */,
				4B857CF52B4B151000E2D916 /* HostingController.swift in Sources */,
				4B4DDBBF2B4A65B800E4B191 /* Student.swift in Sources */,
				4B4DDBAB2B4A588900E4B191 /* UFGEndpoint.swift in Sources */,
				4B4DDBC52B4A750B00E4B191 /* UserDefaults.swift in Sources */,
				4B4DDBBB2B4A651800E4B191 /* SignInPayload.swift in Sources */,
				4B4DDBB42B4A635F00E4B191 /* SignInService.swift in Sources */,
				4B4DDBCA2B4A786100E4B191 /* TextFieldRepresentable.swift in Sources */,
				4B4DDBC72B4A75CA00E4B191 /* SignInView.swift in Sources */,
				4B4DDBC12B4A697A00E4B191 /* UFGStudentInfo.swift in Sources */,
				4B4DDBCC2B4A7E8E00E4B191 /* LoadingView.swift in Sources */,
				4B857CF82B4B19D200E2D916 /* ErrorModalView.swift in Sources */,
			);
			runOnlyForDeploymentPostprocessing = 0;
		};
		4BBB4EB22B2B59E900041786 /* Sources */ = {
			isa = PBXSourcesBuildPhase;
			buildActionMask = 2147483647;
			files = (
				4BBB4EBB2B2B59E900041786 /* EduTaskerTests.swift in Sources */,
			);
			runOnlyForDeploymentPostprocessing = 0;
		};
		4BBB4EBC2B2B59E900041786 /* Sources */ = {
			isa = PBXSourcesBuildPhase;
			buildActionMask = 2147483647;
			files = (
				4BBB4EC52B2B59E900041786 /* EduTaskerUITests.swift in Sources */,
				4BBB4EC72B2B59E900041786 /* EduTaskerUITestsLaunchTests.swift in Sources */,
			);
			runOnlyForDeploymentPostprocessing = 0;
		};
/* End PBXSourcesBuildPhase section */

/* Begin PBXTargetDependency section */
		4BBB4EB82B2B59E900041786 /* PBXTargetDependency */ = {
			isa = PBXTargetDependency;
			target = 4BBB4E9F2B2B59E600041786 /* EduTasker */;
			targetProxy = 4BBB4EB72B2B59E900041786 /* PBXContainerItemProxy */;
		};
		4BBB4EC22B2B59E900041786 /* PBXTargetDependency */ = {
			isa = PBXTargetDependency;
			target = 4BBB4E9F2B2B59E600041786 /* EduTasker */;
			targetProxy = 4BBB4EC12B2B59E900041786 /* PBXContainerItemProxy */;
		};
/* End PBXTargetDependency section */

/* Begin PBXVariantGroup section */
		4BBB4EAE2B2B59E900041786 /* LaunchScreen.storyboard */ = {
			isa = PBXVariantGroup;
			children = (
				4BBB4EAF2B2B59E900041786 /* Base */,
			);
			name = LaunchScreen.storyboard;
			sourceTree = "<group>";
		};
/* End PBXVariantGroup section */

/* Begin XCBuildConfiguration section */
		4BBB4EC82B2B59E900041786 /* Debug */ = {
			isa = XCBuildConfiguration;
			buildSettings = {
				ALWAYS_SEARCH_USER_PATHS = NO;
				ASSETCATALOG_COMPILER_GENERATE_SWIFT_ASSET_SYMBOL_EXTENSIONS = YES;
				CLANG_ANALYZER_NONNULL = YES;
				CLANG_ANALYZER_NUMBER_OBJECT_CONVERSION = YES_AGGRESSIVE;
				CLANG_CXX_LANGUAGE_STANDARD = "gnu++20";
				CLANG_ENABLE_MODULES = YES;
				CLANG_ENABLE_OBJC_ARC = YES;
				CLANG_ENABLE_OBJC_WEAK = YES;
				CLANG_WARN_BLOCK_CAPTURE_AUTORELEASING = YES;
				CLANG_WARN_BOOL_CONVERSION = YES;
				CLANG_WARN_COMMA = YES;
				CLANG_WARN_CONSTANT_CONVERSION = YES;
				CLANG_WARN_DEPRECATED_OBJC_IMPLEMENTATIONS = YES;
				CLANG_WARN_DIRECT_OBJC_ISA_USAGE = YES_ERROR;
				CLANG_WARN_DOCUMENTATION_COMMENTS = YES;
				CLANG_WARN_EMPTY_BODY = YES;
				CLANG_WARN_ENUM_CONVERSION = YES;
				CLANG_WARN_INFINITE_RECURSION = YES;
				CLANG_WARN_INT_CONVERSION = YES;
				CLANG_WARN_NON_LITERAL_NULL_CONVERSION = YES;
				CLANG_WARN_OBJC_IMPLICIT_RETAIN_SELF = YES;
				CLANG_WARN_OBJC_LITERAL_CONVERSION = YES;
				CLANG_WARN_OBJC_ROOT_CLASS = YES_ERROR;
				CLANG_WARN_QUOTED_INCLUDE_IN_FRAMEWORK_HEADER = YES;
				CLANG_WARN_RANGE_LOOP_ANALYSIS = YES;
				CLANG_WARN_STRICT_PROTOTYPES = YES;
				CLANG_WARN_SUSPICIOUS_MOVE = YES;
				CLANG_WARN_UNGUARDED_AVAILABILITY = YES_AGGRESSIVE;
				CLANG_WARN_UNREACHABLE_CODE = YES;
				CLANG_WARN__DUPLICATE_METHOD_MATCH = YES;
				COPY_PHASE_STRIP = NO;
				DEBUG_INFORMATION_FORMAT = dwarf;
				ENABLE_STRICT_OBJC_MSGSEND = YES;
				ENABLE_TESTABILITY = YES;
				ENABLE_USER_SCRIPT_SANDBOXING = YES;
				GCC_C_LANGUAGE_STANDARD = gnu17;
				GCC_DYNAMIC_NO_PIC = NO;
				GCC_NO_COMMON_BLOCKS = YES;
				GCC_OPTIMIZATION_LEVEL = 0;
				GCC_PREPROCESSOR_DEFINITIONS = (
					"DEBUG=1",
					"$(inherited)",
				);
				GCC_WARN_64_TO_32_BIT_CONVERSION = YES;
				GCC_WARN_ABOUT_RETURN_TYPE = YES_ERROR;
				GCC_WARN_UNDECLARED_SELECTOR = YES;
				GCC_WARN_UNINITIALIZED_AUTOS = YES_AGGRESSIVE;
				GCC_WARN_UNUSED_FUNCTION = YES;
				GCC_WARN_UNUSED_VARIABLE = YES;
				IPHONEOS_DEPLOYMENT_TARGET = 17.0;
				LOCALIZATION_PREFERS_STRING_CATALOGS = YES;
				MTL_ENABLE_DEBUG_INFO = INCLUDE_SOURCE;
				MTL_FAST_MATH = YES;
				ONLY_ACTIVE_ARCH = YES;
				SDKROOT = iphoneos;
				SWIFT_ACTIVE_COMPILATION_CONDITIONS = "DEBUG $(inherited)";
				SWIFT_OPTIMIZATION_LEVEL = "-Onone";
			};
			name = Debug;
		};
		4BBB4EC92B2B59E900041786 /* Release */ = {
			isa = XCBuildConfiguration;
			buildSettings = {
				ALWAYS_SEARCH_USER_PATHS = NO;
				ASSETCATALOG_COMPILER_GENERATE_SWIFT_ASSET_SYMBOL_EXTENSIONS = YES;
				CLANG_ANALYZER_NONNULL = YES;
				CLANG_ANALYZER_NUMBER_OBJECT_CONVERSION = YES_AGGRESSIVE;
				CLANG_CXX_LANGUAGE_STANDARD = "gnu++20";
				CLANG_ENABLE_MODULES = YES;
				CLANG_ENABLE_OBJC_ARC = YES;
				CLANG_ENABLE_OBJC_WEAK = YES;
				CLANG_WARN_BLOCK_CAPTURE_AUTORELEASING = YES;
				CLANG_WARN_BOOL_CONVERSION = YES;
				CLANG_WARN_COMMA = YES;
				CLANG_WARN_CONSTANT_CONVERSION = YES;
				CLANG_WARN_DEPRECATED_OBJC_IMPLEMENTATIONS = YES;
				CLANG_WARN_DIRECT_OBJC_ISA_USAGE = YES_ERROR;
				CLANG_WARN_DOCUMENTATION_COMMENTS = YES;
				CLANG_WARN_EMPTY_BODY = YES;
				CLANG_WARN_ENUM_CONVERSION = YES;
				CLANG_WARN_INFINITE_RECURSION = YES;
				CLANG_WARN_INT_CONVERSION = YES;
				CLANG_WARN_NON_LITERAL_NULL_CONVERSION = YES;
				CLANG_WARN_OBJC_IMPLICIT_RETAIN_SELF = YES;
				CLANG_WARN_OBJC_LITERAL_CONVERSION = YES;
				CLANG_WARN_OBJC_ROOT_CLASS = YES_ERROR;
				CLANG_WARN_QUOTED_INCLUDE_IN_FRAMEWORK_HEADER = YES;
				CLANG_WARN_RANGE_LOOP_ANALYSIS = YES;
				CLANG_WARN_STRICT_PROTOTYPES = YES;
				CLANG_WARN_SUSPICIOUS_MOVE = YES;
				CLANG_WARN_UNGUARDED_AVAILABILITY = YES_AGGRESSIVE;
				CLANG_WARN_UNREACHABLE_CODE = YES;
				CLANG_WARN__DUPLICATE_METHOD_MATCH = YES;
				COPY_PHASE_STRIP = NO;
				DEBUG_INFORMATION_FORMAT = "dwarf-with-dsym";
				ENABLE_NS_ASSERTIONS = NO;
				ENABLE_STRICT_OBJC_MSGSEND = YES;
				ENABLE_USER_SCRIPT_SANDBOXING = YES;
				GCC_C_LANGUAGE_STANDARD = gnu17;
				GCC_NO_COMMON_BLOCKS = YES;
				GCC_WARN_64_TO_32_BIT_CONVERSION = YES;
				GCC_WARN_ABOUT_RETURN_TYPE = YES_ERROR;
				GCC_WARN_UNDECLARED_SELECTOR = YES;
				GCC_WARN_UNINITIALIZED_AUTOS = YES_AGGRESSIVE;
				GCC_WARN_UNUSED_FUNCTION = YES;
				GCC_WARN_UNUSED_VARIABLE = YES;
				IPHONEOS_DEPLOYMENT_TARGET = 17.0;
				LOCALIZATION_PREFERS_STRING_CATALOGS = YES;
				MTL_ENABLE_DEBUG_INFO = NO;
				MTL_FAST_MATH = YES;
				SDKROOT = iphoneos;
				SWIFT_COMPILATION_MODE = wholemodule;
				VALIDATE_PRODUCT = YES;
			};
			name = Release;
		};
		4BBB4ECB2B2B59E900041786 /* Debug */ = {
			isa = XCBuildConfiguration;
			buildSettings = {
				ASSETCATALOG_COMPILER_APPICON_NAME = AppIcon;
				ASSETCATALOG_COMPILER_GLOBAL_ACCENT_COLOR_NAME = AccentColor;
				CODE_SIGN_STYLE = Automatic;
				CURRENT_PROJECT_VERSION = 1;
				DEVELOPMENT_TEAM = UCRT826FT5;
				GENERATE_INFOPLIST_FILE = YES;
				INFOPLIST_FILE = EduTasker/Info.plist;
				INFOPLIST_KEY_UIApplicationSupportsIndirectInputEvents = YES;
				INFOPLIST_KEY_UILaunchStoryboardName = LaunchScreen;
				INFOPLIST_KEY_UISupportedInterfaceOrientations = UIInterfaceOrientationPortrait;
				INFOPLIST_KEY_UIUserInterfaceStyle = Light;
				IPHONEOS_DEPLOYMENT_TARGET = 15.0;
				LD_RUNPATH_SEARCH_PATHS = (
					"$(inherited)",
					"@executable_path/Frameworks",
				);
				MARKETING_VERSION = 1.0;
				PRODUCT_BUNDLE_IDENTIFIER = gab.moodle.EduTasker;
				PRODUCT_NAME = "$(TARGET_NAME)";
				SWIFT_EMIT_LOC_STRINGS = YES;
				SWIFT_VERSION = 5.0;
				TARGETED_DEVICE_FAMILY = "1,2";
			};
			name = Debug;
		};
		4BBB4ECC2B2B59E900041786 /* Release */ = {
			isa = XCBuildConfiguration;
			buildSettings = {
				ASSETCATALOG_COMPILER_APPICON_NAME = AppIcon;
				ASSETCATALOG_COMPILER_GLOBAL_ACCENT_COLOR_NAME = AccentColor;
				CODE_SIGN_STYLE = Automatic;
				CURRENT_PROJECT_VERSION = 1;
				DEVELOPMENT_TEAM = UCRT826FT5;
				GENERATE_INFOPLIST_FILE = YES;
				INFOPLIST_FILE = EduTasker/Info.plist;
				INFOPLIST_KEY_UIApplicationSupportsIndirectInputEvents = YES;
				INFOPLIST_KEY_UILaunchStoryboardName = LaunchScreen;
				INFOPLIST_KEY_UISupportedInterfaceOrientations = UIInterfaceOrientationPortrait;
				INFOPLIST_KEY_UIUserInterfaceStyle = Light;
				IPHONEOS_DEPLOYMENT_TARGET = 15.0;
				LD_RUNPATH_SEARCH_PATHS = (
					"$(inherited)",
					"@executable_path/Frameworks",
				);
				MARKETING_VERSION = 1.0;
				PRODUCT_BUNDLE_IDENTIFIER = gab.moodle.EduTasker;
				PRODUCT_NAME = "$(TARGET_NAME)";
				SWIFT_EMIT_LOC_STRINGS = YES;
				SWIFT_VERSION = 5.0;
				TARGETED_DEVICE_FAMILY = "1,2";
			};
			name = Release;
		};
		4BBB4ECE2B2B59E900041786 /* Debug */ = {
			isa = XCBuildConfiguration;
			buildSettings = {
				ALWAYS_EMBED_SWIFT_STANDARD_LIBRARIES = YES;
				BUNDLE_LOADER = "$(TEST_HOST)";
				CODE_SIGN_STYLE = Automatic;
				CURRENT_PROJECT_VERSION = 1;
				DEVELOPMENT_TEAM = UCRT826FT5;
				GENERATE_INFOPLIST_FILE = YES;
				IPHONEOS_DEPLOYMENT_TARGET = 17.0;
				MARKETING_VERSION = 1.0;
				PRODUCT_BUNDLE_IDENTIFIER = gab.moodle.EduTaskerTests;
				PRODUCT_NAME = "$(TARGET_NAME)";
				SWIFT_EMIT_LOC_STRINGS = NO;
				SWIFT_VERSION = 5.0;
				TARGETED_DEVICE_FAMILY = "1,2";
				TEST_HOST = "$(BUILT_PRODUCTS_DIR)/EduTasker.app/$(BUNDLE_EXECUTABLE_FOLDER_PATH)/EduTasker";
			};
			name = Debug;
		};
		4BBB4ECF2B2B59E900041786 /* Release */ = {
			isa = XCBuildConfiguration;
			buildSettings = {
				ALWAYS_EMBED_SWIFT_STANDARD_LIBRARIES = YES;
				BUNDLE_LOADER = "$(TEST_HOST)";
				CODE_SIGN_STYLE = Automatic;
				CURRENT_PROJECT_VERSION = 1;
				DEVELOPMENT_TEAM = UCRT826FT5;
				GENERATE_INFOPLIST_FILE = YES;
				IPHONEOS_DEPLOYMENT_TARGET = 17.0;
				MARKETING_VERSION = 1.0;
				PRODUCT_BUNDLE_IDENTIFIER = gab.moodle.EduTaskerTests;
				PRODUCT_NAME = "$(TARGET_NAME)";
				SWIFT_EMIT_LOC_STRINGS = NO;
				SWIFT_VERSION = 5.0;
				TARGETED_DEVICE_FAMILY = "1,2";
				TEST_HOST = "$(BUILT_PRODUCTS_DIR)/EduTasker.app/$(BUNDLE_EXECUTABLE_FOLDER_PATH)/EduTasker";
			};
			name = Release;
		};
		4BBB4ED12B2B59E900041786 /* Debug */ = {
			isa = XCBuildConfiguration;
			buildSettings = {
				ALWAYS_EMBED_SWIFT_STANDARD_LIBRARIES = YES;
				CODE_SIGN_STYLE = Automatic;
				CURRENT_PROJECT_VERSION = 1;
				DEVELOPMENT_TEAM = UCRT826FT5;
				GENERATE_INFOPLIST_FILE = YES;
				MARKETING_VERSION = 1.0;
				PRODUCT_BUNDLE_IDENTIFIER = gab.moodle.EduTaskerUITests;
				PRODUCT_NAME = "$(TARGET_NAME)";
				SWIFT_EMIT_LOC_STRINGS = NO;
				SWIFT_VERSION = 5.0;
				TARGETED_DEVICE_FAMILY = "1,2";
				TEST_TARGET_NAME = EduTasker;
			};
			name = Debug;
		};
		4BBB4ED22B2B59E900041786 /* Release */ = {
			isa = XCBuildConfiguration;
			buildSettings = {
				ALWAYS_EMBED_SWIFT_STANDARD_LIBRARIES = YES;
				CODE_SIGN_STYLE = Automatic;
				CURRENT_PROJECT_VERSION = 1;
				DEVELOPMENT_TEAM = UCRT826FT5;
				GENERATE_INFOPLIST_FILE = YES;
				MARKETING_VERSION = 1.0;
				PRODUCT_BUNDLE_IDENTIFIER = gab.moodle.EduTaskerUITests;
				PRODUCT_NAME = "$(TARGET_NAME)";
				SWIFT_EMIT_LOC_STRINGS = NO;
				SWIFT_VERSION = 5.0;
				TARGETED_DEVICE_FAMILY = "1,2";
				TEST_TARGET_NAME = EduTasker;
			};
			name = Release;
		};
/* End XCBuildConfiguration section */

/* Begin XCConfigurationList section */
		4BBB4E9B2B2B59E600041786 /* Build configuration list for PBXProject "EduTasker" */ = {
			isa = XCConfigurationList;
			buildConfigurations = (
				4BBB4EC82B2B59E900041786 /* Debug */,
				4BBB4EC92B2B59E900041786 /* Release */,
			);
			defaultConfigurationIsVisible = 0;
			defaultConfigurationName = Release;
		};
		4BBB4ECA2B2B59E900041786 /* Build configuration list for PBXNativeTarget "EduTasker" */ = {
			isa = XCConfigurationList;
			buildConfigurations = (
				4BBB4ECB2B2B59E900041786 /* Debug */,
				4BBB4ECC2B2B59E900041786 /* Release */,
			);
			defaultConfigurationIsVisible = 0;
			defaultConfigurationName = Release;
		};
		4BBB4ECD2B2B59E900041786 /* Build configuration list for PBXNativeTarget "EduTaskerTests" */ = {
			isa = XCConfigurationList;
			buildConfigurations = (
				4BBB4ECE2B2B59E900041786 /* Debug */,
				4BBB4ECF2B2B59E900041786 /* Release */,
			);
			defaultConfigurationIsVisible = 0;
			defaultConfigurationName = Release;
		};
		4BBB4ED02B2B59E900041786 /* Build configuration list for PBXNativeTarget "EduTaskerUITests" */ = {
			isa = XCConfigurationList;
			buildConfigurations = (
				4BBB4ED12B2B59E900041786 /* Debug */,
				4BBB4ED22B2B59E900041786 /* Release */,
			);
			defaultConfigurationIsVisible = 0;
			defaultConfigurationName = Release;
		};
/* End XCConfigurationList section */
	};
	rootObject = 4BBB4E982B2B59E600041786 /* Project object */;
}
